
Microsoft Visual Studio Solution File, Format Version 12.00
# 
Project("{FAE04EC0-301F-11D3-BF4B-00C04F79EFBC}") = "WaxMapArt", "WaxMapArt\WaxMapArt.csproj", "{203A8B46-D036-4158-9E25-B05A2C638806}"
EndProject
Project("{FAE04EC0-301F-11D3-BF4B-00C04F79EFBC}") = "WaxMapArt.Runner", "WaxMapArt.Runner\WaxMapArt.Runner.csproj", "{BFF6C443-CC52-47B8-99DE-FDF447A33A8B}"
EndProject
Project("{FAE04EC0-301F-11D3-BF4B-00C04F79EFBC}") = "WaxMapArt.Bot", "WaxMapArt.Bot\WaxMapArt.Bot.csproj", "{00335FE4-90E7-467F-AEE1-6CE86901D51B}"
EndProject
Project("{FAE04EC0-301F-11D3-BF4B-00C04F79EFBC}") = "WaxMapArt.Console", "WaxMapArt.Console\WaxMapArt.Console.csproj", "{791D52B9-D0AC-4084-B65F-447F5E5E0F15}"
EndProject
Global
	GlobalSection(SolutionConfigurationPlatforms) = preSolution
		Debug|Any CPU = Debug|Any CPU
		Release|Any CPU = Release|Any CPU
	EndGlobalSection
	GlobalSection(ProjectConfigurationPlatforms) = postSolution
		{203A8B46-D036-4158-9E25-B05A2C638806}.Debug|Any CPU.ActiveCfg = Debug|Any CPU
		{203A8B46-D036-4158-9E25-B05A2C638806}.Debug|Any CPU.Build.0 = Debug|Any CPU
		{203A8B46-D036-4158-9E25-B05A2C638806}.Release|Any CPU.ActiveCfg = Release|Any CPU
		{203A8B46-D036-4158-9E25-B05A2C638806}.Release|Any CPU.Build.0 = Release|Any CPU
		{BFF6C443-CC52-47B8-99DE-FDF447A33A8B}.Debug|Any CPU.ActiveCfg = Debug|Any CPU
		{BFF6C443-CC52-47B8-99DE-FDF447A33A8B}.Debug|Any CPU.Build.0 = Debug|Any CPU
		{BFF6C443-CC52-47B8-99DE-FDF447A33A8B}.Release|Any CPU.ActiveCfg = Release|Any CPU
		{BFF6C443-CC52-47B8-99DE-FDF447A33A8B}.Release|Any CPU.Build.0 = Release|Any CPU
		{00335FE4-90E7-467F-AEE1-6CE86901D51B}.Debug|Any CPU.ActiveCfg = Debug|Any CPU
		{00335FE4-90E7-467F-AEE1-6CE86901D51B}.Debug|Any CPU.Build.0 = Debug|Any CPU
		{00335FE4-90E7-467F-AEE1-6CE86901D51B}.Release|Any CPU.ActiveCfg = Release|Any CPU
		{00335FE4-90E7-467F-AEE1-6CE86901D51B}.Release|Any CPU.Build.0 = Release|Any CPU
		{791D52B9-D0AC-4084-B65F-447F5E5E0F15}.Debug|Any CPU.ActiveCfg = Debug|Any CPU
		{791D52B9-D0AC-4084-B65F-447F5E5E0F15}.Debug|Any CPU.Build.0 = Debug|Any CPU
		{791D52B9-D0AC-4084-B65F-447F5E5E0F15}.Release|Any CPU.ActiveCfg = Release|Any CPU
		{791D52B9-D0AC-4084-B65F-447F5E5E0F15}.Release|Any CPU.Build.0 = Release|Any CPU
	EndGlobalSection
EndGlobal
